{
  "name": "blog",
  "version": "1.0.0",
  "lockfileVersion": 1,
  "requires": true,
  "dependencies": {
    "array-first": {
      "version": "1.0.2",
      "resolved": "http://registry.npm.taobao.org/array-first/download/array-first-1.0.2.tgz",
      "integrity": "sha1-mGZxgQdKwlZrPCmT4Swx7/muJQY=",
      "dev": true,
      "requires": {
        "array-slice": "0.2.3",
        "is-number": "2.1.0"
      }
    },
    "array-last": {
      "version": "1.3.0",
      "resolved": "http://registry.npm.taobao.org/array-last/download/array-last-1.3.0.tgz",
      "integrity": "sha1-eqdwc/7FZd2rJJP1+IGF9ASp0zY=",
      "dev": true,
      "requires": {
        "is-number": "4.0.0"
      },
      "dependencies": {
        "is-number": {
          "version": "4.0.0",
          "resolved": "http://registry.npm.taobao.org/is-number/download/is-number-4.0.0.tgz",
          "integrity": "sha1-ACbjf1RU1z41bf5lZGmYZ8an8P8=",
          "dev": true
        }
      }
    },
    "array-slice": {
      "version": "0.2.3",
      "resolved": "http://registry.npm.taobao.org/array-slice/download/array-slice-0.2.3.tgz",
      "integrity": "sha1-3Tz7gO15c6dRF82sabC5nshhhvU=",
      "dev": true
    },
    "bluebird": {
      "version": "3.5.1",
      "resolved": "http://npm.meitu-int.com/bluebird/-/bluebird-3.5.1.tgz",
      "integrity": "sha1-2VUfnemPH82h5oPRfukaBgLuLrk=",
      "dev": true
    },
    "buffer-from": {
      "version": "1.1.1",
      "resolved": "http://npm.meitu-int.com/buffer-from/-/buffer-from-1.1.1.tgz",
      "integrity": "sha1-MnE7wCj3XAL9txDXx7zsHyxgcO8=",
      "dev": true
    },
    "concat-stream": {
      "version": "1.6.2",
      "resolved": "http://npm.meitu-int.com/concat-stream/-/concat-stream-1.6.2.tgz",
      "integrity": "sha1-kEvfGUzTEi/Gdcd/xKw9T/D9GjQ=",
      "dev": true,
      "requires": {
        "buffer-from": "1.1.1",
        "inherits": "2.0.3",
        "readable-stream": "2.3.6",
        "typedarray": "0.0.6"
      }
    },
    "core-util-is": {
      "version": "1.0.2",
      "resolved": "http://npm.meitu-int.com/core-util-is/-/core-util-is-1.0.2.tgz",
      "integrity": "sha1-tf1UIgqivFq1eqtxQMlAdUUDwac=",
      "dev": true
    },
    "cross-spawn": {
      "version": "6.0.5",
      "resolved": "http://npm.meitu-int.com/cross-spawn/-/cross-spawn-6.0.5.tgz",
      "integrity": "sha1-Sl7Hxk364iw6FBJNus3uhG2Ay8Q=",
      "requires": {
        "nice-try": "1.0.5",
        "path-key": "2.0.1",
        "semver": "5.5.1",
        "shebang-command": "1.2.0",
        "which": "1.3.1"
      }
    },
    "dayjs": {
      "version": "1.7.5",
      "resolved": "http://registry.npm.taobao.org/dayjs/download/dayjs-1.7.5.tgz",
      "integrity": "sha1-FHFctWXR+MtVaoUxyxS/H8MwZ8w=",
      "dev": true
    },
    "end-of-stream": {
      "version": "1.4.1",
      "resolved": "http://npm.meitu-int.com/end-of-stream/-/end-of-stream-1.4.1.tgz",
      "integrity": "sha1-7SljTRm6ukY7bOa4CjchPqtx7EM=",
      "requires": {
        "once": "1.4.0"
      }
    },
    "execa": {
      "version": "0.11.0",
      "resolved": "http://npm.meitu-int.com/execa/-/execa-0.11.0.tgz",
      "integrity": "sha1-Czxx2vm5FZwlKoY82YGvG0QQ2Xo=",
      "requires": {
        "cross-spawn": "6.0.5",
        "get-stream": "4.0.0",
        "is-stream": "1.1.0",
        "npm-run-path": "2.0.2",
        "p-finally": "1.0.0",
        "signal-exit": "3.0.2",
        "strip-eof": "1.0.0"
      }
    },
    "get-stream": {
      "version": "4.0.0",
      "resolved": "http://npm.meitu-int.com/get-stream/-/get-stream-4.0.0.tgz",
      "integrity": "sha1-ngdMuJi9K566u0RaF2bX9DV22Xc=",
      "requires": {
        "pump": "3.0.0"
      }
    },
    "inherits": {
      "version": "2.0.3",
      "resolved": "http://npm.meitu-int.com/inherits/-/inherits-2.0.3.tgz",
      "integrity": "sha1-Yzwsg+PaQqUC9SRmAiSA9CCCYd4=",
      "dev": true
    },
    "is-buffer": {
      "version": "1.1.6",
      "resolved": "http://registry.npm.taobao.org/is-buffer/download/is-buffer-1.1.6.tgz",
      "integrity": "sha1-76ouqdqg16suoTqXsritUf776L4=",
      "dev": true
    },
    "is-number": {
      "version": "2.1.0",
      "resolved": "http://registry.npm.taobao.org/is-number/download/is-number-2.1.0.tgz",
      "integrity": "sha1-Afy7s5NGOlSPL0ZszhbezknbkI8=",
      "dev": true,
      "requires": {
        "kind-of": "3.2.2"
      }
    },
    "is-sorted": {
      "version": "1.0.4",
      "resolved": "http://registry.npm.taobao.org/is-sorted/download/is-sorted-1.0.4.tgz",
      "integrity": "sha1-PKXFzJaXrYZxcZYa1u5tdeYY1pE=",
      "dev": true
    },
    "is-stream": {
      "version": "1.1.0",
      "resolved": "http://npm.meitu-int.com/is-stream/-/is-stream-1.1.0.tgz",
      "integrity": "sha1-EtSj3U5o4Lec6428hBc66A2RykQ="
    },
    "isarray": {
      "version": "1.0.0",
      "resolved": "http://npm.meitu-int.com/isarray/-/isarray-1.0.0.tgz",
      "integrity": "sha1-u5NdSFgsuhaMBoNJV6VKPgcSTxE=",
      "dev": true
    },
    "isexe": {
      "version": "2.0.0",
      "resolved": "http://npm.meitu-int.com/isexe/-/isexe-2.0.0.tgz",
      "integrity": "sha1-6PvzdNxVb/iUehDcsFctYz8s+hA="
    },
    "kind-of": {
      "version": "3.2.2",
      "resolved": "http://registry.npm.taobao.org/kind-of/download/kind-of-3.2.2.tgz",
      "integrity": "sha1-MeohpzS6ubuw8yRm2JOupR5KPGQ=",
      "dev": true,
      "requires": {
        "is-buffer": "1.1.6"
      }
    },
    "lru-cache": {
      "version": "4.1.3",
      "resolved": "http://npm.meitu-int.com/lru-cache/-/lru-cache-4.1.3.tgz",
      "integrity": "sha1-oRdc80lt/IQ2wVbDNLSVWZK85pw=",
      "dev": true,
      "requires": {
        "pseudomap": "1.0.2",
        "yallist": "2.1.2"
      }
    },
    "mem": {
      "version": "3.0.1",
      "resolved": "http://npm.meitu-int.com/mem/-/mem-3.0.1.tgz",
      "integrity": "sha1-FSQQ0NfoNeSkNj5iYjjZ5b49b1o=",
      "requires": {
        "mimic-fn": "1.2.0",
        "p-is-promise": "1.1.0"
      }
    },
    "mimic-fn": {
      "version": "1.2.0",
      "resolved": "http://npm.meitu-int.com/mimic-fn/-/mimic-fn-1.2.0.tgz",
      "integrity": "sha1-ggyGo5M0ZA6ZUWkovQP8qIBX0CI="
    },
    "nice-try": {
      "version": "1.0.5",
      "resolved": "http://npm.meitu-int.com/nice-try/-/nice-try-1.0.5.tgz",
      "integrity": "sha1-ozeKdpbOfSI+iPybdkvX7xCJ42Y="
    },
    "npm-run-path": {
      "version": "2.0.2",
      "resolved": "http://npm.meitu-int.com/npm-run-path/-/npm-run-path-2.0.2.tgz",
      "integrity": "sha1-NakjLfo11wZ7TLLd8jV7GHFTbF8=",
      "requires": {
        "path-key": "2.0.1"
      }
    },
    "once": {
      "version": "1.4.0",
      "resolved": "http://npm.meitu-int.com/once/-/once-1.4.0.tgz",
      "integrity": "sha1-WDsap3WWHUsROsF9nFC6753Xa9E=",
      "requires": {
        "wrappy": "1.0.2"
      }
    },
    "os-shim": {
      "version": "0.1.3",
      "resolved": "http://npm.meitu-int.com/os-shim/-/os-shim-0.1.3.tgz",
      "integrity": "sha1-a2LDeRz3kJ6jXtRuF2WLtBfLORc=",
      "dev": true
    },
    "p-finally": {
      "version": "1.0.0",
      "resolved": "http://npm.meitu-int.com/p-finally/-/p-finally-1.0.0.tgz",
      "integrity": "sha1-P7z7FbiZpEEjs0ttzBi3JDNqLK4="
    },
    "p-is-promise": {
      "version": "1.1.0",
      "resolved": "http://npm.meitu-int.com/p-is-promise/-/p-is-promise-1.1.0.tgz",
      "integrity": "sha1-nJRWmJ6fZYgBewQ01WCXZ1w9oF4="
    },
    "path-key": {
      "version": "2.0.1",
      "resolved": "http://npm.meitu-int.com/path-key/-/path-key-2.0.1.tgz",
      "integrity": "sha1-QRyttXTFoUDTpLGRDUDYDMn0C0A="
    },
    "pre-commit": {
      "version": "1.2.2",
      "resolved": "http://npm.meitu-int.com/pre-commit/-/pre-commit-1.2.2.tgz",
      "integrity": "sha1-287g7p3nI15X95xW186UZBpp7sY=",
      "dev": true,
      "requires": {
        "cross-spawn": "5.1.0",
        "spawn-sync": "1.0.15",
        "which": "1.2.14"
      },
      "dependencies": {
        "cross-spawn": {
          "version": "5.1.0",
          "resolved": "http://npm.meitu-int.com/cross-spawn/-/cross-spawn-5.1.0.tgz",
          "integrity": "sha1-6L0O/uWPz/b4+UUQoKVUu/ojVEk=",
          "dev": true,
          "requires": {
            "lru-cache": "4.1.3",
            "shebang-command": "1.2.0",
            "which": "1.2.14"
          }
        },
        "which": {
          "version": "1.2.14",
          "resolved": "http://npm.meitu-int.com/which/-/which-1.2.14.tgz",
          "integrity": "sha1-mofEN48D6CfOyvGs31bHNsAcFOU=",
          "dev": true,
          "requires": {
            "isexe": "2.0.0"
          }
        }
      }
    },
    "process-nextick-args": {
      "version": "2.0.0",
      "resolved": "http://npm.meitu-int.com/process-nextick-args/-/process-nextick-args-2.0.0.tgz",
      "integrity": "sha1-o31zL0JxtKsa0HDTVQjoKQeI/6o=",
      "dev": true
    },
    "pseudomap": {
      "version": "1.0.2",
      "resolved": "http://npm.meitu-int.com/pseudomap/-/pseudomap-1.0.2.tgz",
      "integrity": "sha1-8FKijacOYYkX7wqKw0wa5aaChrM=",
      "dev": true
    },
    "pump": {
      "version": "3.0.0",
      "resolved": "http://npm.meitu-int.com/pump/-/pump-3.0.0.tgz",
      "integrity": "sha1-tKIRaBW94vTh6mAjVOjHVWUQemQ=",
      "requires": {
        "end-of-stream": "1.4.1",
        "once": "1.4.0"
      }
    },
    "readable-stream": {
      "version": "2.3.6",
      "resolved": "http://npm.meitu-int.com/readable-stream/-/readable-stream-2.3.6.tgz",
      "integrity": "sha1-sRwn2IuP8fvgcGQ8+UsMea4bCq8=",
      "dev": true,
      "requires": {
        "core-util-is": "1.0.2",
        "inherits": "2.0.3",
        "isarray": "1.0.0",
        "process-nextick-args": "2.0.0",
        "safe-buffer": "5.1.2",
        "string_decoder": "1.1.1",
        "util-deprecate": "1.0.2"
      }
    },
    "safe-buffer": {
      "version": "5.1.2",
      "resolved": "http://npm.meitu-int.com/safe-buffer/-/safe-buffer-5.1.2.tgz",
      "integrity": "sha1-mR7GnSluAxN0fVm9/St0XDX4go0=",
      "dev": true
    },
    "semver": {
      "version": "5.5.1",
      "resolved": "http://npm.meitu-int.com/semver/-/semver-5.5.1.tgz",
      "integrity": "sha1-ff3YgUvbfKvHvg+x1zTPtmyUBHc="
    },
    "shebang-command": {
      "version": "1.2.0",
      "resolved": "http://npm.meitu-int.com/shebang-command/-/shebang-command-1.2.0.tgz",
      "integrity": "sha1-RKrGW2lbAzmJaMOfNj/uXer98eo=",
      "requires": {
        "shebang-regex": "1.0.0"
      }
    },
    "shebang-regex": {
      "version": "1.0.0",
      "resolved": "http://npm.meitu-int.com/shebang-regex/-/shebang-regex-1.0.0.tgz",
      "integrity": "sha1-2kL0l0DAtC2yypcoVxyxkMmO/qM="
    },
    "signal-exit": {
      "version": "3.0.2",
      "resolved": "http://npm.meitu-int.com/signal-exit/-/signal-exit-3.0.2.tgz",
      "integrity": "sha1-tf3AjxKH6hF4Yo5BXiUTK3NkbG0="
    },
    "spawn-sync": {
      "version": "1.0.15",
      "resolved": "http://npm.meitu-int.com/spawn-sync/-/spawn-sync-1.0.15.tgz",
      "integrity": "sha1-sAeZVX63+wyDdsKdROih6mfldHY=",
      "dev": true,
      "requires": {
        "concat-stream": "1.6.2",
        "os-shim": "0.1.3"
      }
    },
    "string_decoder": {
      "version": "1.1.1",
      "resolved": "http://npm.meitu-int.com/string_decoder/-/string_decoder-1.1.1.tgz",
      "integrity": "sha1-nPFhG6YmhdcDCunkujQUnDrwP8g=",
      "dev": true,
      "requires": {
        "safe-buffer": "5.1.2"
      }
    },
    "strip-eof": {
      "version": "1.0.0",
      "resolved": "http://npm.meitu-int.com/strip-eof/-/strip-eof-1.0.0.tgz",
      "integrity": "sha1-u0P/VZim6wXYm1n80SnJgzE2Br8="
    },
    "typedarray": {
      "version": "0.0.6",
      "resolved": "http://npm.meitu-int.com/typedarray/-/typedarray-0.0.6.tgz",
      "integrity": "sha1-hnrHTjhkGHsdPUfZlqeOxciDB3c=",
      "dev": true
    },
    "username": {
      "version": "4.0.0",
      "resolved": "http://npm.meitu-int.com/username/-/username-4.0.0.tgz",
      "integrity": "sha1-QRFN3hm8jSgL2ppZz6M0bjbdNcg=",
      "requires": {
        "execa": "0.11.0",
        "mem": "3.0.1"
      }
    },
    "util-deprecate": {
      "version": "1.0.2",
      "resolved": "http://npm.meitu-int.com/util-deprecate/-/util-deprecate-1.0.2.tgz",
      "integrity": "sha1-RQ1Nyfpw3nMnYvvS1KKJgUGaDM8=",
      "dev": true
    },
    "which": {
      "version": "1.3.1",
      "resolved": "http://npm.meitu-int.com/which/-/which-1.3.1.tgz",
      "integrity": "sha1-pFBD1U9YBTFtqNYvn1CRjT2nCwo=",
      "requires": {
        "isexe": "2.0.0"
      }
    },
    "wrappy": {
      "version": "1.0.2",
      "resolved": "http://npm.meitu-int.com/wrappy/-/wrappy-1.0.2.tgz",
      "integrity": "sha1-tSQ9jz7BqjXxNkYFvA0QNuMKtp8="
    },
    "yallist": {
      "version": "2.1.2",
      "resolved": "http://npm.meitu-int.com/yallist/-/yallist-2.1.2.tgz",
      "integrity": "sha1-HBH5IY8HYImkfdUS+TxmmaaoHVI=",
      "dev": true
    }
  }
}
